<?xml version="1.0" encoding="utf-8"?>
<Project ToolsVersion="4.0" xmlns="http://schemas.microsoft.com/developer/msbuild/2003">
  <ItemGroup>
    <MASM Include="Main.asm" />
    <MASM Include="printString.asm" />
    <MASM Include="displayMainMenu.asm" />
    <MASM Include="promptForIntChoice.asm" />
    <MASM Include="Wait_Msg.asm" />
    <MASM Include="login.asm" />
    <MASM Include="setTxtColor.asm" />
    <MASM Include="encrypt.asm" />
    <MASM Include="validatePassword.asm" />
    <MASM Include="inputFromFile.asm" />
    <MASM Include="promptForUsername.asm" />
    <MASM Include="promptForPassword.asm" />
    <MASM Include="updateUserFile.asm" />
    <MASM Include="validateLoginTime.asm" />
    <MASM Include="readAccountFile.asm" />
    <MASM Include="helper.asm" />
    <MASM Include="printUserCredentials.asm" />
  </ItemGroup>
  <ItemGroup>
    <None Include="BangBangBank.inc" />
  </ItemGroup>
</Project>